
Microsoft Visual Studio Solution File, Format Version 12.00
# Visual Studio 15
VisualStudioVersion = 15.0.28010.2041
MinimumVisualStudioVersion = 10.0.40219.1
Project("{FAE04EC0-301F-11D3-BF4B-00C04F79EFBC}") = "ConsoleApp3", "ConsoleApp3\ConsoleApp3.csproj", "{4EF11183-98FE-4F1D-B03C-10C91030D16D}"
EndProject
Global
	GlobalSection(SolutionConfigurationPlatforms) = preSolution
		Debug|Any CPU = Debug|Any CPU
		Release|Any CPU = Release|Any CPU
	EndGlobalSection
	GlobalSection(ProjectConfigurationPlatforms) = postSolution
		{4EF11183-98FE-4F1D-B03C-10C91030D16D}.Debug|Any CPU.ActiveCfg = Debug|Any CPU
		{4EF11183-98FE-4F1D-B03C-10C91030D16D}.Debug|Any CPU.Build.0 = Debug|Any CPU
		{4EF11183-98FE-4F1D-B03C-10C91030D16D}.Release|Any CPU.ActiveCfg = Release|Any CPU
		{4EF11183-98FE-4F1D-B03C-10C91030D16D}.Release|Any CPU.Build.0 = Release|Any CPU
	EndGlobalSection
	GlobalSection(SolutionProperties) = preSolution
		HideSolutionNode = FALSE
	EndGlobalSection
	GlobalSection(ExtensibilityGlobals) = postSolution
		SolutionGuid = {9D3E831A-B38F-463B-9B66-B57FD2F60976}
	EndGlobalSection
EndGlobal
